// !$*UTF8*$!
{
	archiveVersion = 1;
	classes = {
	};
	objectVersion = 77;
	objects = {

/* Begin PBXBuildFile section */
		04D49511A68B46BF33D17830 /* StorageProtocols.swift in Sources */ = {isa = PBXBuildFile; fileRef = 0313DB5DA678796036D12270 /* StorageProtocols.swift */; };
		15A488A92209F4B0EACDFAD8 /* MessageActionHandler.swift in Sources */ = {isa = PBXBuildFile; fileRef = D36CE230F5AC7C7A534FAFAB /* MessageActionHandler.swift */; };
		16028A6ACF13090E19FD9988 /* AudioServices.swift in Sources */ = {isa = PBXBuildFile; fileRef = E326609DA59981CB15435A96 /* AudioServices.swift */; };
		169F76BC187D5DF24F703679 /* RecalledMessageCell.swift in Sources */ = {isa = PBXBuildFile; fileRef = FE9FBC89F89203FBE76702E5 /* RecalledMessageCell.swift */; };
		1C8B733405B9CC287F941BAA /* KeyboardManager.swift in Sources */ = {isa = PBXBuildFile; fileRef = 0AAD1FB73BDE5FC4C3B7307B /* KeyboardManager.swift */; };
		21B71EA8D2A70E70770502C7 /* ZoomTransitionController.swift in Sources */ = {isa = PBXBuildFile; fileRef = DAF4A66FA66CE82F54E67D80 /* ZoomTransitionController.swift */; };
		23B1E6E0CBE79986E9FECD1D /* ChatError.swift in Sources */ = {isa = PBXBuildFile; fileRef = 42BACD30F535B667AE19DED0 /* ChatError.swift */; };
		24BF94103557B449A3C24E9A /* Sender.swift in Sources */ = {isa = PBXBuildFile; fileRef = 0B116B70AF463441C99E8D91 /* Sender.swift */; };
		28EAD5D969A12EA148C6FF2C /* Logger.swift in Sources */ = {isa = PBXBuildFile; fileRef = 3013B60CE7DBA4F5D4F00B26 /* Logger.swift */; };
		3161EA0CCDBBDB89F0D53CBE /* VoiceCacheManager.swift in Sources */ = {isa = PBXBuildFile; fileRef = C0F0390B427AA15C498CC3D7 /* VoiceCacheManager.swift */; };
		37BF44778EF092E2706C9335 /* KeyboardManagerTests.swift in Sources */ = {isa = PBXBuildFile; fileRef = 7EFB7FC88600B26DC27BE4B4 /* KeyboardManagerTests.swift */; };
		3ABAD11C85C68BC59631EB9E /* PhotoPickerManager.swift in Sources */ = {isa = PBXBuildFile; fileRef = 9DFCE75985978E4FFCAA5657 /* PhotoPickerManager.swift */; };
		409B209AD52A4EDCD0A27FE1 /* ChatInputView.swift in Sources */ = {isa = PBXBuildFile; fileRef = 87C1A232CA48A0E6F22AA66D /* ChatInputView.swift */; };
		452DBB3A774C1C10DC3F003F /* CacheUtilitiesTests.swift in Sources */ = {isa = PBXBuildFile; fileRef = A4202AD2120BD8D11AE0A5A5 /* CacheUtilitiesTests.swift */; };
		46522896B13ECD134635D330 /* ChatBubbleCell.swift in Sources */ = {isa = PBXBuildFile; fileRef = 580F9DF67CE812B7B1D9174E /* ChatBubbleCell.swift */; };
		4988B502A025D14A4742A1EE /* MessageRepository.swift in Sources */ = {isa = PBXBuildFile; fileRef = 47AE264216B29ED9FE09505A /* MessageRepository.swift */; };
		4A0E3D8CE2AF7703BB9E2CF9 /* MessageActionHandlerTests.swift in Sources */ = {isa = PBXBuildFile; fileRef = 65E4007C5150F1CA94C03C05 /* MessageActionHandlerTests.swift */; };
		5170551C46864FF4A170D1B3 /* MessageCellViewModel.swift in Sources */ = {isa = PBXBuildFile; fileRef = F6F6FE13859989BFB4BD3F46 /* MessageCellViewModel.swift */; };
		533804A0E73FC812CE52CE82 /* TextMessageCell.swift in Sources */ = {isa = PBXBuildFile; fileRef = 7963A3657B5E3479294769C9 /* TextMessageCell.swift */; };
		59BB19A94B08CB85491B1763 /* ImageMessageCell.swift in Sources */ = {isa = PBXBuildFile; fileRef = F7550DBAF19AB636AAE64D95 /* ImageMessageCell.swift */; };
		5AC262B68FC83A3946031BC8 /* ImagePreviewViewController.swift in Sources */ = {isa = PBXBuildFile; fileRef = D8752F520CC3796FAD778D37 /* ImagePreviewViewController.swift */; };
		5E541295513E031D034FBEFA /* MessageCellConfigurable.swift in Sources */ = {isa = PBXBuildFile; fileRef = 8B908CF76DFF91D292CF9D28 /* MessageCellConfigurable.swift */; };
		62E48EAB20BC55D07F697F49 /* VoiceRecordManager.swift in Sources */ = {isa = PBXBuildFile; fileRef = C89AB01B247D671C6F6518D1 /* VoiceRecordManager.swift */; };
		6506EE2902E3D5EF1F1E8081 /* ImageCacheManager.swift in Sources */ = {isa = PBXBuildFile; fileRef = BA8CA347D379E45D23FBB239 /* ImageCacheManager.swift */; };
		6A6495CF5DA4CE57A952589D /* Launch Screen.storyboard in Resources */ = {isa = PBXBuildFile; fileRef = 99648386B953F022B1C8BB44 /* Launch Screen.storyboard */; };
		6DA6B019FCDD9052F2A92069 /* VideoCacheManager.swift in Sources */ = {isa = PBXBuildFile; fileRef = CC476866F5B18D294A2E798F /* VideoCacheManager.swift */; };
		6DB6FE9AE673B5E761C7C573 /* SceneDelegate.swift in Sources */ = {isa = PBXBuildFile; fileRef = C0C33B6D976E32FDCBC0C4AB /* SceneDelegate.swift */; };
		70158FB2F31287DB5504EDF0 /* VideoPlayerView.swift in Sources */ = {isa = PBXBuildFile; fileRef = F778347652F618545852E01B /* VideoPlayerView.swift */; };
		7E05D6411412ADE53D0254C1 /* AppDelegate.swift in Sources */ = {isa = PBXBuildFile; fileRef = C43A131A4DC21A7C2E8C9EE7 /* AppDelegate.swift */; };
		80173B6D98E0391BE519A7C8 /* VoicePlaybackManager.swift in Sources */ = {isa = PBXBuildFile; fileRef = 7D39BF9CD97C3BCCA501E208 /* VoicePlaybackManager.swift */; };
		84FB71B09DF3A83ACC882D7E /* FileStorageManagerTests.swift in Sources */ = {isa = PBXBuildFile; fileRef = ADC2F580813F7AD4C6A8CE09 /* FileStorageManagerTests.swift */; };
		8A947BBF93712FDD90728DB0 /* RecordingOverlayView.swift in Sources */ = {isa = PBXBuildFile; fileRef = 6A96823CA98EECA4A9BAE481 /* RecordingOverlayView.swift */; };
		91A3D9426B7D8692B3FD2572 /* LoggerTests.swift in Sources */ = {isa = PBXBuildFile; fileRef = 102220184BADC48F3B5937D4 /* LoggerTests.swift */; };
		9D5D97D3E75408D9D1D5D8C3 /* AppDependencies.swift in Sources */ = {isa = PBXBuildFile; fileRef = 202375FF5D1E7C999D14F0CD /* AppDependencies.swift */; };
		9F03ECE5F8B1FDD273097BE6 /* MessageStorage.swift in Sources */ = {isa = PBXBuildFile; fileRef = E4ED75DD67BBD7EE821DB1F1 /* MessageStorage.swift */; };
		A2927A8A274E42F0222DB037 /* MessagePreloader.swift in Sources */ = {isa = PBXBuildFile; fileRef = 6BBB023B272F5FF443D805B8 /* MessagePreloader.swift */; };
		A2A5E8C6C18E8F648B8A40E5 /* ChatViewModel.swift in Sources */ = {isa = PBXBuildFile; fileRef = F15E405BD0480CE3882EC2EE /* ChatViewModel.swift */; };
		A2CED2EB0F6A8D1915B06353 /* MessageDataSource.swift in Sources */ = {isa = PBXBuildFile; fileRef = 815350740055A0317477C93C /* MessageDataSource.swift */; };
		A8E2630B0F8814DA76C4098C /* ChatErrorTests.swift in Sources */ = {isa = PBXBuildFile; fileRef = A9379830DEC1F7ACBE54D3BE /* ChatErrorTests.swift */; };
		B2C9C2ECDB27C52AA5722E6D /* VoiceChatViewController.swift in Sources */ = {isa = PBXBuildFile; fileRef = 6594EF1C574D7F8BD27AE522 /* VoiceChatViewController.swift */; };
		B5E068FF973DB7DAD5AE48F7 /* ErrorHandler.swift in Sources */ = {isa = PBXBuildFile; fileRef = 93E95A02BEC479E74E0D4A39 /* ErrorHandler.swift */; };
		B866A55D2D9EA14FB6A1E5F9 /* InputCoordinator.swift in Sources */ = {isa = PBXBuildFile; fileRef = 079A195AFC1B8A20A3F8B04C /* InputCoordinator.swift */; };
		B934B547F65D2BD6ECFEE977 /* MessageCellInteractive.swift in Sources */ = {isa = PBXBuildFile; fileRef = 664D24CA985BDE8CF9FB517B /* MessageCellInteractive.swift */; };
		BD09807B12BCCFDF4EAD0A50 /* CacheUtilities.swift in Sources */ = {isa = PBXBuildFile; fileRef = B1B468EE9A3969E99A29364B /* CacheUtilities.swift */; };
		C4E3095021C37BCD567D3BF5 /* VideoMessageCell.swift in Sources */ = {isa = PBXBuildFile; fileRef = 2B09AF217DB14CB120A07C7F /* VideoMessageCell.swift */; };
		CC55D3F85D195A6DEDB6D751 /* RecordingOverlayViewController.swift in Sources */ = {isa = PBXBuildFile; fileRef = 5615CDCD271D478590753D54 /* RecordingOverlayViewController.swift */; };
		D0193CAF0C9CD429F5586974 /* LocationMessageCell.swift in Sources */ = {isa = PBXBuildFile; fileRef = 6F0E6E8B3CE4EEF69E8A68DE /* LocationMessageCell.swift */; };
		D72BC6CAC0CBB02180E14018 /* WaveformProgressView.swift in Sources */ = {isa = PBXBuildFile; fileRef = C44994233323BB3EE477F0BF /* WaveformProgressView.swift */; };
		D7566144AABE38618797F5C8 /* FileStorageManager.swift in Sources */ = {isa = PBXBuildFile; fileRef = F8ED7746513B48938CFDF1FF /* FileStorageManager.swift */; };
		E258B0AB713F285946F96ADD /* ChatMessage.swift in Sources */ = {isa = PBXBuildFile; fileRef = 5F667E00C71EC1040F986296 /* ChatMessage.swift */; };
		E289BE59A9EA8014C4BE7528 /* ToastView.swift in Sources */ = {isa = PBXBuildFile; fileRef = 60A65EF135BBB2C5382358B2 /* ToastView.swift */; };
		E6442F6B3671D4D19581664B /* MessageDataSourceTests.swift in Sources */ = {isa = PBXBuildFile; fileRef = 5F810C6493346D65CE39A296 /* MessageDataSourceTests.swift */; };
		E825D6F4B30B4E95FF522FF4 /* AvatarView.swift in Sources */ = {isa = PBXBuildFile; fileRef = DFCC304D89886AC491481403 /* AvatarView.swift */; };
		E83E0F5B2940C24913E000E8 /* VideoPlayerManager.swift in Sources */ = {isa = PBXBuildFile; fileRef = 32F81EA05DD7649AF36C2191 /* VideoPlayerManager.swift */; };
		EE3FC9AEE2CEBCBCE3A75BFE /* ZoomTransition+UIViewController.swift in Sources */ = {isa = PBXBuildFile; fileRef = 0003C34E680C402F7EDC3AA5 /* ZoomTransition+UIViewController.swift */; };
		F901AD5E56E58DD38057C272 /* VideoPreviewViewController.swift in Sources */ = {isa = PBXBuildFile; fileRef = F4635A7056BFF4341E1D56C4 /* VideoPreviewViewController.swift */; };
		FBA1ED01242B2F2D95390967 /* VoiceMessageCell.swift in Sources */ = {isa = PBXBuildFile; fileRef = 41488FDE0AC88B7E19F6DDA5 /* VoiceMessageCell.swift */; };
/* End PBXBuildFile section */

/* Begin PBXContainerItemProxy section */
		153612FDF63C2C0D8C939F42 /* PBXContainerItemProxy */ = {
			isa = PBXContainerItemProxy;
			containerPortal = B8ED2D2E4894F9EC5E7B3200 /* Project object */;
			proxyType = 1;
			remoteGlobalIDString = 494AD767614F045C7356BF06;
			remoteInfo = VoiceIM;
		};
/* End PBXContainerItemProxy section */

/* Begin PBXFileReference section */
		0003C34E680C402F7EDC3AA5 /* ZoomTransition+UIViewController.swift */ = {isa = PBXFileReference; lastKnownFileType = sourcecode.swift; path = "ZoomTransition+UIViewController.swift"; sourceTree = "<group>"; };
		0313DB5DA678796036D12270 /* StorageProtocols.swift */ = {isa = PBXFileReference; lastKnownFileType = sourcecode.swift; path = StorageProtocols.swift; sourceTree = "<group>"; };
		079A195AFC1B8A20A3F8B04C /* InputCoordinator.swift */ = {isa = PBXFileReference; lastKnownFileType = sourcecode.swift; path = InputCoordinator.swift; sourceTree = "<group>"; };
		0AAD1FB73BDE5FC4C3B7307B /* KeyboardManager.swift */ = {isa = PBXFileReference; lastKnownFileType = sourcecode.swift; path = KeyboardManager.swift; sourceTree = "<group>"; };
		0B116B70AF463441C99E8D91 /* Sender.swift */ = {isa = PBXFileReference; lastKnownFileType = sourcecode.swift; path = Sender.swift; sourceTree = "<group>"; };
		102220184BADC48F3B5937D4 /* LoggerTests.swift */ = {isa = PBXFileReference; lastKnownFileType = sourcecode.swift; path = LoggerTests.swift; sourceTree = "<group>"; };
		202375FF5D1E7C999D14F0CD /* AppDependencies.swift */ = {isa = PBXFileReference; lastKnownFileType = sourcecode.swift; path = AppDependencies.swift; sourceTree = "<group>"; };
		2B09AF217DB14CB120A07C7F /* VideoMessageCell.swift */ = {isa = PBXFileReference; lastKnownFileType = sourcecode.swift; path = VideoMessageCell.swift; sourceTree = "<group>"; };
		3013B60CE7DBA4F5D4F00B26 /* Logger.swift */ = {isa = PBXFileReference; lastKnownFileType = sourcecode.swift; path = Logger.swift; sourceTree = "<group>"; };
		32F81EA05DD7649AF36C2191 /* VideoPlayerManager.swift */ = {isa = PBXFileReference; lastKnownFileType = sourcecode.swift; path = VideoPlayerManager.swift; sourceTree = "<group>"; };
		41488FDE0AC88B7E19F6DDA5 /* VoiceMessageCell.swift */ = {isa = PBXFileReference; lastKnownFileType = sourcecode.swift; path = VoiceMessageCell.swift; sourceTree = "<group>"; };
		42BACD30F535B667AE19DED0 /* ChatError.swift */ = {isa = PBXFileReference; lastKnownFileType = sourcecode.swift; path = ChatError.swift; sourceTree = "<group>"; };
		47AE264216B29ED9FE09505A /* MessageRepository.swift */ = {isa = PBXFileReference; lastKnownFileType = sourcecode.swift; path = MessageRepository.swift; sourceTree = "<group>"; };
		5615CDCD271D478590753D54 /* RecordingOverlayViewController.swift */ = {isa = PBXFileReference; lastKnownFileType = sourcecode.swift; path = RecordingOverlayViewController.swift; sourceTree = "<group>"; };
		580F9DF67CE812B7B1D9174E /* ChatBubbleCell.swift */ = {isa = PBXFileReference; lastKnownFileType = sourcecode.swift; path = ChatBubbleCell.swift; sourceTree = "<group>"; };
		5F667E00C71EC1040F986296 /* ChatMessage.swift */ = {isa = PBXFileReference; lastKnownFileType = sourcecode.swift; path = ChatMessage.swift; sourceTree = "<group>"; };
		5F810C6493346D65CE39A296 /* MessageDataSourceTests.swift */ = {isa = PBXFileReference; lastKnownFileType = sourcecode.swift; path = MessageDataSourceTests.swift; sourceTree = "<group>"; };
		60A65EF135BBB2C5382358B2 /* ToastView.swift */ = {isa = PBXFileReference; lastKnownFileType = sourcecode.swift; path = ToastView.swift; sourceTree = "<group>"; };
		6594EF1C574D7F8BD27AE522 /* VoiceChatViewController.swift */ = {isa = PBXFileReference; lastKnownFileType = sourcecode.swift; path = VoiceChatViewController.swift; sourceTree = "<group>"; };
		65E4007C5150F1CA94C03C05 /* MessageActionHandlerTests.swift */ = {isa = PBXFileReference; lastKnownFileType = sourcecode.swift; path = MessageActionHandlerTests.swift; sourceTree = "<group>"; };
		664D24CA985BDE8CF9FB517B /* MessageCellInteractive.swift */ = {isa = PBXFileReference; lastKnownFileType = sourcecode.swift; path = MessageCellInteractive.swift; sourceTree = "<group>"; };
		6A96823CA98EECA4A9BAE481 /* RecordingOverlayView.swift */ = {isa = PBXFileReference; lastKnownFileType = sourcecode.swift; path = RecordingOverlayView.swift; sourceTree = "<group>"; };
		6BBB023B272F5FF443D805B8 /* MessagePreloader.swift */ = {isa = PBXFileReference; lastKnownFileType = sourcecode.swift; path = MessagePreloader.swift; sourceTree = "<group>"; };
		6F0E6E8B3CE4EEF69E8A68DE /* LocationMessageCell.swift */ = {isa = PBXFileReference; lastKnownFileType = sourcecode.swift; path = LocationMessageCell.swift; sourceTree = "<group>"; };
		7963A3657B5E3479294769C9 /* TextMessageCell.swift */ = {isa = PBXFileReference; lastKnownFileType = sourcecode.swift; path = TextMessageCell.swift; sourceTree = "<group>"; };
		7D39BF9CD97C3BCCA501E208 /* VoicePlaybackManager.swift */ = {isa = PBXFileReference; lastKnownFileType = sourcecode.swift; path = VoicePlaybackManager.swift; sourceTree = "<group>"; };
		7EFB7FC88600B26DC27BE4B4 /* KeyboardManagerTests.swift */ = {isa = PBXFileReference; lastKnownFileType = sourcecode.swift; path = KeyboardManagerTests.swift; sourceTree = "<group>"; };
		815350740055A0317477C93C /* MessageDataSource.swift */ = {isa = PBXFileReference; lastKnownFileType = sourcecode.swift; path = MessageDataSource.swift; sourceTree = "<group>"; };
		87C1A232CA48A0E6F22AA66D /* ChatInputView.swift */ = {isa = PBXFileReference; lastKnownFileType = sourcecode.swift; path = ChatInputView.swift; sourceTree = "<group>"; };
		8B908CF76DFF91D292CF9D28 /* MessageCellConfigurable.swift */ = {isa = PBXFileReference; lastKnownFileType = sourcecode.swift; path = MessageCellConfigurable.swift; sourceTree = "<group>"; };
		93E95A02BEC479E74E0D4A39 /* ErrorHandler.swift */ = {isa = PBXFileReference; lastKnownFileType = sourcecode.swift; path = ErrorHandler.swift; sourceTree = "<group>"; };
		99648386B953F022B1C8BB44 /* Launch Screen.storyboard */ = {isa = PBXFileReference; lastKnownFileType = file.storyboard; path = "Launch Screen.storyboard"; sourceTree = "<group>"; };
		9DFCE75985978E4FFCAA5657 /* PhotoPickerManager.swift */ = {isa = PBXFileReference; lastKnownFileType = sourcecode.swift; path = PhotoPickerManager.swift; sourceTree = "<group>"; };
		A4202AD2120BD8D11AE0A5A5 /* CacheUtilitiesTests.swift */ = {isa = PBXFileReference; lastKnownFileType = sourcecode.swift; path = CacheUtilitiesTests.swift; sourceTree = "<group>"; };
		A9379830DEC1F7ACBE54D3BE /* ChatErrorTests.swift */ = {isa = PBXFileReference; lastKnownFileType = sourcecode.swift; path = ChatErrorTests.swift; sourceTree = "<group>"; };
		ADC2F580813F7AD4C6A8CE09 /* FileStorageManagerTests.swift */ = {isa = PBXFileReference; lastKnownFileType = sourcecode.swift; path = FileStorageManagerTests.swift; sourceTree = "<group>"; };
		B1B468EE9A3969E99A29364B /* CacheUtilities.swift */ = {isa = PBXFileReference; lastKnownFileType = sourcecode.swift; path = CacheUtilities.swift; sourceTree = "<group>"; };
		BA8CA347D379E45D23FBB239 /* ImageCacheManager.swift */ = {isa = PBXFileReference; lastKnownFileType = sourcecode.swift; path = ImageCacheManager.swift; sourceTree = "<group>"; };
		C0C33B6D976E32FDCBC0C4AB /* SceneDelegate.swift */ = {isa = PBXFileReference; lastKnownFileType = sourcecode.swift; path = SceneDelegate.swift; sourceTree = "<group>"; };
		C0F0390B427AA15C498CC3D7 /* VoiceCacheManager.swift */ = {isa = PBXFileReference; lastKnownFileType = sourcecode.swift; path = VoiceCacheManager.swift; sourceTree = "<group>"; };
		C43A131A4DC21A7C2E8C9EE7 /* AppDelegate.swift */ = {isa = PBXFileReference; lastKnownFileType = sourcecode.swift; path = AppDelegate.swift; sourceTree = "<group>"; };
		C44994233323BB3EE477F0BF /* WaveformProgressView.swift */ = {isa = PBXFileReference; lastKnownFileType = sourcecode.swift; path = WaveformProgressView.swift; sourceTree = "<group>"; };
		C7D8C599087F2B9B609ACAED /* VoiceIMTests.xctest */ = {isa = PBXFileReference; includeInIndex = 0; lastKnownFileType = wrapper.cfbundle; path = VoiceIMTests.xctest; sourceTree = BUILT_PRODUCTS_DIR; };
		C89AB01B247D671C6F6518D1 /* VoiceRecordManager.swift */ = {isa = PBXFileReference; lastKnownFileType = sourcecode.swift; path = VoiceRecordManager.swift; sourceTree = "<group>"; };
		C965731AD4227230ADCB2E2C /* VoiceIM.app */ = {isa = PBXFileReference; includeInIndex = 0; lastKnownFileType = wrapper.application; path = VoiceIM.app; sourceTree = BUILT_PRODUCTS_DIR; };
		CC476866F5B18D294A2E798F /* VideoCacheManager.swift */ = {isa = PBXFileReference; lastKnownFileType = sourcecode.swift; path = VideoCacheManager.swift; sourceTree = "<group>"; };
		D36CE230F5AC7C7A534FAFAB /* MessageActionHandler.swift */ = {isa = PBXFileReference; lastKnownFileType = sourcecode.swift; path = MessageActionHandler.swift; sourceTree = "<group>"; };
		D8752F520CC3796FAD778D37 /* ImagePreviewViewController.swift */ = {isa = PBXFileReference; lastKnownFileType = sourcecode.swift; path = ImagePreviewViewController.swift; sourceTree = "<group>"; };
		DAF4A66FA66CE82F54E67D80 /* ZoomTransitionController.swift */ = {isa = PBXFileReference; lastKnownFileType = sourcecode.swift; path = ZoomTransitionController.swift; sourceTree = "<group>"; };
		DFCC304D89886AC491481403 /* AvatarView.swift */ = {isa = PBXFileReference; lastKnownFileType = sourcecode.swift; path = AvatarView.swift; sourceTree = "<group>"; };
		E326609DA59981CB15435A96 /* AudioServices.swift */ = {isa = PBXFileReference; lastKnownFileType = sourcecode.swift; path = AudioServices.swift; sourceTree = "<group>"; };
		E4ED75DD67BBD7EE821DB1F1 /* MessageStorage.swift */ = {isa = PBXFileReference; lastKnownFileType = sourcecode.swift; path = MessageStorage.swift; sourceTree = "<group>"; };
		F15E405BD0480CE3882EC2EE /* ChatViewModel.swift */ = {isa = PBXFileReference; lastKnownFileType = sourcecode.swift; path = ChatViewModel.swift; sourceTree = "<group>"; };
		F4635A7056BFF4341E1D56C4 /* VideoPreviewViewController.swift */ = {isa = PBXFileReference; lastKnownFileType = sourcecode.swift; path = VideoPreviewViewController.swift; sourceTree = "<group>"; };
		F6F6FE13859989BFB4BD3F46 /* MessageCellViewModel.swift */ = {isa = PBXFileReference; lastKnownFileType = sourcecode.swift; path = MessageCellViewModel.swift; sourceTree = "<group>"; };
		F7550DBAF19AB636AAE64D95 /* ImageMessageCell.swift */ = {isa = PBXFileReference; lastKnownFileType = sourcecode.swift; path = ImageMessageCell.swift; sourceTree = "<group>"; };
		F778347652F618545852E01B /* VideoPlayerView.swift */ = {isa = PBXFileReference; lastKnownFileType = sourcecode.swift; path = VideoPlayerView.swift; sourceTree = "<group>"; };
		F8ED7746513B48938CFDF1FF /* FileStorageManager.swift */ = {isa = PBXFileReference; lastKnownFileType = sourcecode.swift; path = FileStorageManager.swift; sourceTree = "<group>"; };
		FE150653DE97068F4C160094 /* Info.plist */ = {isa = PBXFileReference; lastKnownFileType = text.plist; path = Info.plist; sourceTree = "<group>"; };
		FE9FBC89F89203FBE76702E5 /* RecalledMessageCell.swift */ = {isa = PBXFileReference; lastKnownFileType = sourcecode.swift; path = RecalledMessageCell.swift; sourceTree = "<group>"; };
/* End PBXFileReference section */

/* Begin PBXGroup section */
		00B18E94159D012C8DD18055 /* Utilities */ = {
			isa = PBXGroup;
			children = (
				B1B468EE9A3969E99A29364B /* CacheUtilities.swift */,
			);
			path = Utilities;
			sourceTree = "<group>";
		};
		00B72B74BA05371B08A146EA /* Coordinators */ = {
			isa = PBXGroup;
			children = (
				079A195AFC1B8A20A3F8B04C /* InputCoordinator.swift */,
				D36CE230F5AC7C7A534FAFAB /* MessageActionHandler.swift */,
			);
			path = Coordinators;
			sourceTree = "<group>";
		};
		0440C4661849C348CFB69165 /* DependencyInjection */ = {
			isa = PBXGroup;
			children = (
				202375FF5D1E7C999D14F0CD /* AppDependencies.swift */,
			);
			path = DependencyInjection;
			sourceTree = "<group>";
		};
		10D4A6F6E4CD6881759AE829 /* VoiceIM */ = {
			isa = PBXGroup;
			children = (
				FE150653DE97068F4C160094 /* Info.plist */,
				99648386B953F022B1C8BB44 /* Launch Screen.storyboard */,
				CA720A09A2BCBAB6917D507F /* App */,
				596107F88249179BAF813CB3 /* Cells */,
				00B72B74BA05371B08A146EA /* Coordinators */,
				BAB90879A7210C32CA947DFA /* Core */,
				45B403B860739CB4AE5EB02D /* DataSources */,
				99B7D3FCB99814169B31D5EF /* Models */,
				8DCD7F4E87C85285780AA3BF /* Protocols */,
				9F8645324F9B387B2B1E6330 /* Repositories */,
				45772EA7BADE882854457D82 /* Services */,
				B34D9525D2070C80F0B59001 /* Transitions */,
				00B18E94159D012C8DD18055 /* Utilities */,
				AA0116E4300FA05588E69EE4 /* ViewControllers */,
				E9111A02B9CB68779E5C9280 /* ViewModels */,
				ED0F7CF1551C46492656F7E6 /* Views */,
			);
			path = VoiceIM;
			sourceTree = "<group>";
		};
		196C7AC01DF0AB5569DA080F /* Repository */ = {
			isa = PBXGroup;
			children = (
				47AE264216B29ED9FE09505A /* MessageRepository.swift */,
			);
			path = Repository;
			sourceTree = "<group>";
		};
		2433F8368D813D9D6E43AECC /* Error */ = {
			isa = PBXGroup;
			children = (
				42BACD30F535B667AE19DED0 /* ChatError.swift */,
				93E95A02BEC479E74E0D4A39 /* ErrorHandler.swift */,
			);
			path = Error;
			sourceTree = "<group>";
		};
		30CD28B82D95B9AADCE1063B /* Audio */ = {
			isa = PBXGroup;
			children = (
				C0F0390B427AA15C498CC3D7 /* VoiceCacheManager.swift */,
				7D39BF9CD97C3BCCA501E208 /* VoicePlaybackManager.swift */,
				C89AB01B247D671C6F6518D1 /* VoiceRecordManager.swift */,
			);
			path = Audio;
			sourceTree = "<group>";
		};
		3AF2D2394936D0F24356174F /* Media */ = {
			isa = PBXGroup;
			children = (
				9DFCE75985978E4FFCAA5657 /* PhotoPickerManager.swift */,
				32F81EA05DD7649AF36C2191 /* VideoPlayerManager.swift */,
			);
			path = Media;
			sourceTree = "<group>";
		};
		3DB0272EC851605F37F003E5 /* Products */ = {
			isa = PBXGroup;
			children = (
				C965731AD4227230ADCB2E2C /* VoiceIM.app */,
				C7D8C599087F2B9B609ACAED /* VoiceIMTests.xctest */,
			);
			name = Products;
			sourceTree = "<group>";
		};
		45772EA7BADE882854457D82 /* Services */ = {
			isa = PBXGroup;
			children = (
				30CD28B82D95B9AADCE1063B /* Audio */,
				53B4DFC1D763B4888C8A3606 /* Cache */,
				3AF2D2394936D0F24356174F /* Media */,
				CEA10E8BC19BA656113B4752 /* UI */,
			);
			path = Services;
			sourceTree = "<group>";
		};
		45B403B860739CB4AE5EB02D /* DataSources */ = {
			isa = PBXGroup;
			children = (
				815350740055A0317477C93C /* MessageDataSource.swift */,
			);
			path = DataSources;
			sourceTree = "<group>";
		};
		53B4DFC1D763B4888C8A3606 /* Cache */ = {
			isa = PBXGroup;
			children = (
				BA8CA347D379E45D23FBB239 /* ImageCacheManager.swift */,
				6BBB023B272F5FF443D805B8 /* MessagePreloader.swift */,
				CC476866F5B18D294A2E798F /* VideoCacheManager.swift */,
			);
			path = Cache;
			sourceTree = "<group>";
		};
		596107F88249179BAF813CB3 /* Cells */ = {
			isa = PBXGroup;
			children = (
				580F9DF67CE812B7B1D9174E /* ChatBubbleCell.swift */,
				F7550DBAF19AB636AAE64D95 /* ImageMessageCell.swift */,
				6F0E6E8B3CE4EEF69E8A68DE /* LocationMessageCell.swift */,
				FE9FBC89F89203FBE76702E5 /* RecalledMessageCell.swift */,
				7963A3657B5E3479294769C9 /* TextMessageCell.swift */,
				2B09AF217DB14CB120A07C7F /* VideoMessageCell.swift */,
				41488FDE0AC88B7E19F6DDA5 /* VoiceMessageCell.swift */,
			);
			path = Cells;
			sourceTree = "<group>";
		};
		8DCD7F4E87C85285780AA3BF /* Protocols */ = {
			isa = PBXGroup;
			children = (
				E326609DA59981CB15435A96 /* AudioServices.swift */,
				8B908CF76DFF91D292CF9D28 /* MessageCellConfigurable.swift */,
				664D24CA985BDE8CF9FB517B /* MessageCellInteractive.swift */,
				0313DB5DA678796036D12270 /* StorageProtocols.swift */,
			);
			path = Protocols;
			sourceTree = "<group>";
		};
		97DED2A3478464FBFC37E5BA /* VoiceIMTests */ = {
			isa = PBXGroup;
			children = (
				A4202AD2120BD8D11AE0A5A5 /* CacheUtilitiesTests.swift */,
				A9379830DEC1F7ACBE54D3BE /* ChatErrorTests.swift */,
				ADC2F580813F7AD4C6A8CE09 /* FileStorageManagerTests.swift */,
				7EFB7FC88600B26DC27BE4B4 /* KeyboardManagerTests.swift */,
				102220184BADC48F3B5937D4 /* LoggerTests.swift */,
				65E4007C5150F1CA94C03C05 /* MessageActionHandlerTests.swift */,
				5F810C6493346D65CE39A296 /* MessageDataSourceTests.swift */,
			);
			path = VoiceIMTests;
			sourceTree = "<group>";
		};
		99B7D3FCB99814169B31D5EF /* Models */ = {
			isa = PBXGroup;
			children = (
				5F667E00C71EC1040F986296 /* ChatMessage.swift */,
				0B116B70AF463441C99E8D91 /* Sender.swift */,
			);
			path = Models;
			sourceTree = "<group>";
		};
		9F8645324F9B387B2B1E6330 /* Repositories */ = {
			isa = PBXGroup;
			children = (
			);
			path = Repositories;
			sourceTree = "<group>";
		};
		A42BD6FA1A00F628C6FF3E8B /* ViewModel */ = {
			isa = PBXGroup;
			children = (
				F15E405BD0480CE3882EC2EE /* ChatViewModel.swift */,
			);
			path = ViewModel;
			sourceTree = "<group>";
		};
		AA0116E4300FA05588E69EE4 /* ViewControllers */ = {
			isa = PBXGroup;
			children = (
				D8752F520CC3796FAD778D37 /* ImagePreviewViewController.swift */,
				5615CDCD271D478590753D54 /* RecordingOverlayViewController.swift */,
				F4635A7056BFF4341E1D56C4 /* VideoPreviewViewController.swift */,
				6594EF1C574D7F8BD27AE522 /* VoiceChatViewController.swift */,
			);
			path = ViewControllers;
			sourceTree = "<group>";
		};
		B34D9525D2070C80F0B59001 /* Transitions */ = {
			isa = PBXGroup;
			children = (
				0003C34E680C402F7EDC3AA5 /* ZoomTransition+UIViewController.swift */,
				DAF4A66FA66CE82F54E67D80 /* ZoomTransitionController.swift */,
			);
			path = Transitions;
			sourceTree = "<group>";
		};
		BAB90879A7210C32CA947DFA /* Core */ = {
			isa = PBXGroup;
			children = (
				0440C4661849C348CFB69165 /* DependencyInjection */,
				2433F8368D813D9D6E43AECC /* Error */,
				EA50EC9524B0DDB31097927A /* Logging */,
				196C7AC01DF0AB5569DA080F /* Repository */,
				F23E9DA53299DD3B31B2DE5A /* Storage */,
				A42BD6FA1A00F628C6FF3E8B /* ViewModel */,
			);
			path = Core;
			sourceTree = "<group>";
		};
		C48617F43C302802FC9B8DD1 = {
			isa = PBXGroup;
			children = (
				10D4A6F6E4CD6881759AE829 /* VoiceIM */,
				97DED2A3478464FBFC37E5BA /* VoiceIMTests */,
				3DB0272EC851605F37F003E5 /* Products */,
			);
			sourceTree = "<group>";
		};
		CA720A09A2BCBAB6917D507F /* App */ = {
			isa = PBXGroup;
			children = (
				C43A131A4DC21A7C2E8C9EE7 /* AppDelegate.swift */,
				C0C33B6D976E32FDCBC0C4AB /* SceneDelegate.swift */,
			);
			path = App;
			sourceTree = "<group>";
		};
		CEA10E8BC19BA656113B4752 /* UI */ = {
			isa = PBXGroup;
			children = (
				0AAD1FB73BDE5FC4C3B7307B /* KeyboardManager.swift */,
			);
			path = UI;
			sourceTree = "<group>";
		};
		E9111A02B9CB68779E5C9280 /* ViewModels */ = {
			isa = PBXGroup;
			children = (
				F6F6FE13859989BFB4BD3F46 /* MessageCellViewModel.swift */,
			);
			path = ViewModels;
			sourceTree = "<group>";
		};
		EA50EC9524B0DDB31097927A /* Logging */ = {
			isa = PBXGroup;
			children = (
				3013B60CE7DBA4F5D4F00B26 /* Logger.swift */,
			);
			path = Logging;
			sourceTree = "<group>";
		};
		ED0F7CF1551C46492656F7E6 /* Views */ = {
			isa = PBXGroup;
			children = (
				DFCC304D89886AC491481403 /* AvatarView.swift */,
				87C1A232CA48A0E6F22AA66D /* ChatInputView.swift */,
				6A96823CA98EECA4A9BAE481 /* RecordingOverlayView.swift */,
				60A65EF135BBB2C5382358B2 /* ToastView.swift */,
				F778347652F618545852E01B /* VideoPlayerView.swift */,
				C44994233323BB3EE477F0BF /* WaveformProgressView.swift */,
			);
			path = Views;
			sourceTree = "<group>";
		};
		F23E9DA53299DD3B31B2DE5A /* Storage */ = {
			isa = PBXGroup;
			children = (
				F8ED7746513B48938CFDF1FF /* FileStorageManager.swift */,
				E4ED75DD67BBD7EE821DB1F1 /* MessageStorage.swift */,
			);
			path = Storage;
			sourceTree = "<group>";
		};
/* End PBXGroup section */

/* Begin PBXNativeTarget section */
		494AD767614F045C7356BF06 /* VoiceIM */ = {
			isa = PBXNativeTarget;
			buildConfigurationList = F50E0D53BE50132C1FD278A8 /* Build configuration list for PBXNativeTarget "VoiceIM" */;
			buildPhases = (
				5B9D310EC1BA9F51DECB8BB5 /* Sources */,
				DAC59572A1C335AE544AAF02 /* Resources */,
			);
			buildRules = (
			);
			dependencies = (
			);
			name = VoiceIM;
			packageProductDependencies = (
			);
			productName = VoiceIM;
			productReference = C965731AD4227230ADCB2E2C /* VoiceIM.app */;
			productType = "com.apple.product-type.application";
		};
		9B25F6775A0FDD129AE2CB70 /* VoiceIMTests */ = {
			isa = PBXNativeTarget;
			buildConfigurationList = 392BAF14D5EE1E049C4D8A93 /* Build configuration list for PBXNativeTarget "VoiceIMTests" */;
			buildPhases = (
				38B30CD0407ABEC6E1B34718 /* Sources */,
			);
			buildRules = (
			);
			dependencies = (
				726BFCF37225166A53498524 /* PBXTargetDependency */,
			);
			name = VoiceIMTests;
			packageProductDependencies = (
			);
			productName = VoiceIMTests;
			productReference = C7D8C599087F2B9B609ACAED /* VoiceIMTests.xctest */;
			productType = "com.apple.product-type.bundle.unit-test";
		};
/* End PBXNativeTarget section */

/* Begin PBXProject section */
		B8ED2D2E4894F9EC5E7B3200 /* Project object */ = {
			isa = PBXProject;
			attributes = {
				BuildIndependentTargetsInParallel = YES;
				LastUpgradeCheck = 1600;
				TargetAttributes = {
					494AD767614F045C7356BF06 = {
						ProvisioningStyle = Automatic;
					};
				};
			};
			buildConfigurationList = 85AE5470C480688E90D81E70 /* Build configuration list for PBXProject "VoiceIM" */;
			developmentRegion = en;
			hasScannedForEncodings = 0;
			knownRegions = (
				Base,
				en,
			);
			mainGroup = C48617F43C302802FC9B8DD1;
			minimizedProjectReferenceProxies = 1;
			preferredProjectObjectVersion = 77;
			productRefGroup = 3DB0272EC851605F37F003E5 /* Products */;
			projectDirPath = "";
			projectRoot = "";
			targets = (
				494AD767614F045C7356BF06 /* VoiceIM */,
				9B25F6775A0FDD129AE2CB70 /* VoiceIMTests */,
			);
		};
/* End PBXProject section */

/* Begin PBXResourcesBuildPhase section */
		DAC59572A1C335AE544AAF02 /* Resources */ = {
			isa = PBXResourcesBuildPhase;
			buildActionMask = 2147483647;
			files = (
				6A6495CF5DA4CE57A952589D /* Launch Screen.storyboard in Resources */,
			);
			runOnlyForDeploymentPostprocessing = 0;
		};
/* End PBXResourcesBuildPhase section */

/* Begin PBXSourcesBuildPhase section */
		38B30CD0407ABEC6E1B34718 /* Sources */ = {
			isa = PBXSourcesBuildPhase;
			buildActionMask = 2147483647;
			files = (
				452DBB3A774C1C10DC3F003F /* CacheUtilitiesTests.swift in Sources */,
				A8E2630B0F8814DA76C4098C /* ChatErrorTests.swift in Sources */,
				84FB71B09DF3A83ACC882D7E /* FileStorageManagerTests.swift in Sources */,
				37BF44778EF092E2706C9335 /* KeyboardManagerTests.swift in Sources */,
				91A3D9426B7D8692B3FD2572 /* LoggerTests.swift in Sources */,
				4A0E3D8CE2AF7703BB9E2CF9 /* MessageActionHandlerTests.swift in Sources */,
				E6442F6B3671D4D19581664B /* MessageDataSourceTests.swift in Sources */,
			);
			runOnlyForDeploymentPostprocessing = 0;
		};
		5B9D310EC1BA9F51DECB8BB5 /* Sources */ = {
			isa = PBXSourcesBuildPhase;
			buildActionMask = 2147483647;
			files = (
				7E05D6411412ADE53D0254C1 /* AppDelegate.swift in Sources */,
				9D5D97D3E75408D9D1D5D8C3 /* AppDependencies.swift in Sources */,
				16028A6ACF13090E19FD9988 /* AudioServices.swift in Sources */,
				E825D6F4B30B4E95FF522FF4 /* AvatarView.swift in Sources */,
				BD09807B12BCCFDF4EAD0A50 /* CacheUtilities.swift in Sources */,
				46522896B13ECD134635D330 /* ChatBubbleCell.swift in Sources */,
				23B1E6E0CBE79986E9FECD1D /* ChatError.swift in Sources */,
				409B209AD52A4EDCD0A27FE1 /* ChatInputView.swift in Sources */,
				E258B0AB713F285946F96ADD /* ChatMessage.swift in Sources */,
				A2A5E8C6C18E8F648B8A40E5 /* ChatViewModel.swift in Sources */,
				B5E068FF973DB7DAD5AE48F7 /* ErrorHandler.swift in Sources */,
				D7566144AABE38618797F5C8 /* FileStorageManager.swift in Sources */,
				6506EE2902E3D5EF1F1E8081 /* ImageCacheManager.swift in Sources */,
				59BB19A94B08CB85491B1763 /* ImageMessageCell.swift in Sources */,
				5AC262B68FC83A3946031BC8 /* ImagePreviewViewController.swift in Sources */,
				B866A55D2D9EA14FB6A1E5F9 /* InputCoordinator.swift in Sources */,
				1C8B733405B9CC287F941BAA /* KeyboardManager.swift in Sources */,
				D0193CAF0C9CD429F5586974 /* LocationMessageCell.swift in Sources */,
				28EAD5D969A12EA148C6FF2C /* Logger.swift in Sources */,
				15A488A92209F4B0EACDFAD8 /* MessageActionHandler.swift in Sources */,
				5E541295513E031D034FBEFA /* MessageCellConfigurable.swift in Sources */,
				B934B547F65D2BD6ECFEE977 /* MessageCellInteractive.swift in Sources */,
				5170551C46864FF4A170D1B3 /* MessageCellViewModel.swift in Sources */,
				A2CED2EB0F6A8D1915B06353 /* MessageDataSource.swift in Sources */,
				A2927A8A274E42F0222DB037 /* MessagePreloader.swift in Sources */,
				4988B502A025D14A4742A1EE /* MessageRepository.swift in Sources */,
				9F03ECE5F8B1FDD273097BE6 /* MessageStorage.swift in Sources */,
				3ABAD11C85C68BC59631EB9E /* PhotoPickerManager.swift in Sources */,
				169F76BC187D5DF24F703679 /* RecalledMessageCell.swift in Sources */,
				8A947BBF93712FDD90728DB0 /* RecordingOverlayView.swift in Sources */,
				CC55D3F85D195A6DEDB6D751 /* RecordingOverlayViewController.swift in Sources */,
				6DB6FE9AE673B5E761C7C573 /* SceneDelegate.swift in Sources */,
				24BF94103557B449A3C24E9A /* Sender.swift in Sources */,
				04D49511A68B46BF33D17830 /* StorageProtocols.swift in Sources */,
				533804A0E73FC812CE52CE82 /* TextMessageCell.swift in Sources */,
				E289BE59A9EA8014C4BE7528 /* ToastView.swift in Sources */,
				6DA6B019FCDD9052F2A92069 /* VideoCacheManager.swift in Sources */,
				C4E3095021C37BCD567D3BF5 /* VideoMessageCell.swift in Sources */,
				E83E0F5B2940C24913E000E8 /* VideoPlayerManager.swift in Sources */,
				70158FB2F31287DB5504EDF0 /* VideoPlayerView.swift in Sources */,
				F901AD5E56E58DD38057C272 /* VideoPreviewViewController.swift in Sources */,
				3161EA0CCDBBDB89F0D53CBE /* VoiceCacheManager.swift in Sources */,
				B2C9C2ECDB27C52AA5722E6D /* VoiceChatViewController.swift in Sources */,
				FBA1ED01242B2F2D95390967 /* VoiceMessageCell.swift in Sources */,
				80173B6D98E0391BE519A7C8 /* VoicePlaybackManager.swift in Sources */,
				62E48EAB20BC55D07F697F49 /* VoiceRecordManager.swift in Sources */,
				D72BC6CAC0CBB02180E14018 /* WaveformProgressView.swift in Sources */,
				EE3FC9AEE2CEBCBCE3A75BFE /* ZoomTransition+UIViewController.swift in Sources */,
				21B71EA8D2A70E70770502C7 /* ZoomTransitionController.swift in Sources */,
			);
			runOnlyForDeploymentPostprocessing = 0;
		};
/* End PBXSourcesBuildPhase section */

/* Begin PBXTargetDependency section */
		726BFCF37225166A53498524 /* PBXTargetDependency */ = {
			isa = PBXTargetDependency;
			target = 494AD767614F045C7356BF06 /* VoiceIM */;
			targetProxy = 153612FDF63C2C0D8C939F42 /* PBXContainerItemProxy */;
		};
/* End PBXTargetDependency section */

/* Begin XCBuildConfiguration section */
		1D87C71167D1ACEAA96845DD /* Debug */ = {
			isa = XCBuildConfiguration;
			buildSettings = {
				BUNDLE_LOADER = "$(TEST_HOST)";
				GENERATE_INFOPLIST_FILE = YES;
				IPHONEOS_DEPLOYMENT_TARGET = 15.0;
				LD_RUNPATH_SEARCH_PATHS = (
					"$(inherited)",
					"@executable_path/Frameworks",
					"@loader_path/Frameworks",
				);
				PRODUCT_BUNDLE_IDENTIFIER = com.example.VoiceIMTests;
				SDKROOT = iphoneos;
				TARGETED_DEVICE_FAMILY = "1,2";
				TEST_HOST = "$(BUILT_PRODUCTS_DIR)/VoiceIM.app/$(BUNDLE_EXECUTABLE_FOLDER_PATH)/VoiceIM";
			};
			name = Debug;
		};
		6F2ECEE25DADF8AE368BCF88 /* Release */ = {
			isa = XCBuildConfiguration;
			buildSettings = {
				ALWAYS_SEARCH_USER_PATHS = NO;
				CLANG_ANALYZER_NONNULL = YES;
				CLANG_ANALYZER_NUMBER_OBJECT_CONVERSION = YES_AGGRESSIVE;
				CLANG_CXX_LANGUAGE_STANDARD = "gnu++14";
				CLANG_CXX_LIBRARY = "libc++";
				CLANG_ENABLE_MODULES = YES;
				CLANG_ENABLE_OBJC_ARC = YES;
				CLANG_ENABLE_OBJC_WEAK = YES;
				CLANG_WARN_BLOCK_CAPTURE_AUTORELEASING = YES;
				CLANG_WARN_BOOL_CONVERSION = YES;
				CLANG_WARN_COMMA = YES;
				CLANG_WARN_CONSTANT_CONVERSION = YES;
				CLANG_WARN_DEPRECATED_OBJC_IMPLEMENTATIONS = YES;
				CLANG_WARN_DIRECT_OBJC_ISA_USAGE = YES_ERROR;
				CLANG_WARN_DOCUMENTATION_COMMENTS = YES;
				CLANG_WARN_EMPTY_BODY = YES;
				CLANG_WARN_ENUM_CONVERSION = YES;
				CLANG_WARN_INFINITE_RECURSION = YES;
				CLANG_WARN_INT_CONVERSION = YES;
				CLANG_WARN_NON_LITERAL_NULL_CONVERSION = YES;
				CLANG_WARN_OBJC_IMPLICIT_RETAIN_SELF = YES;
				CLANG_WARN_OBJC_LITERAL_CONVERSION = YES;
				CLANG_WARN_OBJC_ROOT_CLASS = YES_ERROR;
				CLANG_WARN_QUOTED_INCLUDE_IN_FRAMEWORK_HEADER = YES;
				CLANG_WARN_RANGE_LOOP_ANALYSIS = YES;
				CLANG_WARN_STRICT_PROTOTYPES = YES;
				CLANG_WARN_SUSPICIOUS_MOVE = YES;
				CLANG_WARN_UNGUARDED_AVAILABILITY = YES_AGGRESSIVE;
				CLANG_WARN_UNREACHABLE_CODE = YES;
				CLANG_WARN__DUPLICATE_METHOD_MATCH = YES;
				COPY_PHASE_STRIP = NO;
				DEBUG_INFORMATION_FORMAT = "dwarf-with-dsym";
				ENABLE_NS_ASSERTIONS = NO;
				ENABLE_STRICT_OBJC_MSGSEND = YES;
				GCC_C_LANGUAGE_STANDARD = gnu11;
				GCC_NO_COMMON_BLOCKS = YES;
				GCC_WARN_64_TO_32_BIT_CONVERSION = YES;
				GCC_WARN_ABOUT_RETURN_TYPE = YES_ERROR;
				GCC_WARN_UNDECLARED_SELECTOR = YES;
				GCC_WARN_UNINITIALIZED_AUTOS = YES_AGGRESSIVE;
				GCC_WARN_UNUSED_FUNCTION = YES;
				GCC_WARN_UNUSED_VARIABLE = YES;
				IPHONEOS_DEPLOYMENT_TARGET = 15.0;
				MTL_ENABLE_DEBUG_INFO = NO;
				MTL_FAST_MATH = YES;
				PRODUCT_NAME = "$(TARGET_NAME)";
				SDKROOT = iphoneos;
				SWIFT_COMPILATION_MODE = wholemodule;
				SWIFT_OPTIMIZATION_LEVEL = "-O";
				SWIFT_VERSION = 5.0;
				TARGETED_DEVICE_FAMILY = 1;
			};
			name = Release;
		};
		6FFE21C4173BACCAA0713F96 /* Release */ = {
			isa = XCBuildConfiguration;
			buildSettings = {
				BUNDLE_LOADER = "$(TEST_HOST)";
				GENERATE_INFOPLIST_FILE = YES;
				IPHONEOS_DEPLOYMENT_TARGET = 15.0;
				LD_RUNPATH_SEARCH_PATHS = (
					"$(inherited)",
					"@executable_path/Frameworks",
					"@loader_path/Frameworks",
				);
				PRODUCT_BUNDLE_IDENTIFIER = com.example.VoiceIMTests;
				SDKROOT = iphoneos;
				TARGETED_DEVICE_FAMILY = "1,2";
				TEST_HOST = "$(BUILT_PRODUCTS_DIR)/VoiceIM.app/$(BUNDLE_EXECUTABLE_FOLDER_PATH)/VoiceIM";
			};
			name = Release;
		};
		F13315EADDB8B25B9BF170FC /* Debug */ = {
			isa = XCBuildConfiguration;
			buildSettings = {
				ASSETCATALOG_COMPILER_APPICON_NAME = AppIcon;
				ASSETCATALOG_COMPILER_GENERATE_SWIFT_ASSET_SYMBOL_EXTENSIONS = YES;
				CODE_SIGN_IDENTITY = "iPhone Developer";
				CODE_SIGN_STYLE = Automatic;
				INFOPLIST_FILE = VoiceIM/Info.plist;
				IPHONEOS_DEPLOYMENT_TARGET = 15.0;
				LD_RUNPATH_SEARCH_PATHS = (
					"$(inherited)",
					"@executable_path/Frameworks",
				);
				PRODUCT_BUNDLE_IDENTIFIER = com.example.VoiceIM;
				SDKROOT = iphoneos;
				TARGETED_DEVICE_FAMILY = "1,2";
			};
			name = Debug;
		};
		FB6F2A72A2FC4F966BC2C0BA /* Release */ = {
			isa = XCBuildConfiguration;
			buildSettings = {
				ASSETCATALOG_COMPILER_APPICON_NAME = AppIcon;
				ASSETCATALOG_COMPILER_GENERATE_SWIFT_ASSET_SYMBOL_EXTENSIONS = YES;
				CODE_SIGN_IDENTITY = "iPhone Developer";
				CODE_SIGN_STYLE = Automatic;
				INFOPLIST_FILE = VoiceIM/Info.plist;
				IPHONEOS_DEPLOYMENT_TARGET = 15.0;
				LD_RUNPATH_SEARCH_PATHS = (
					"$(inherited)",
					"@executable_path/Frameworks",
				);
				PRODUCT_BUNDLE_IDENTIFIER = com.example.VoiceIM;
				SDKROOT = iphoneos;
				TARGETED_DEVICE_FAMILY = "1,2";
			};
			name = Release;
		};
		FBC32FD55A3433C42D890D5E /* Debug */ = {
			isa = XCBuildConfiguration;
			buildSettings = {
				ALWAYS_SEARCH_USER_PATHS = NO;
				CLANG_ANALYZER_NONNULL = YES;
				CLANG_ANALYZER_NUMBER_OBJECT_CONVERSION = YES_AGGRESSIVE;
				CLANG_CXX_LANGUAGE_STANDARD = "gnu++14";
				CLANG_CXX_LIBRARY = "libc++";
				CLANG_ENABLE_MODULES = YES;
				CLANG_ENABLE_OBJC_ARC = YES;
				CLANG_ENABLE_OBJC_WEAK = YES;
				CLANG_WARN_BLOCK_CAPTURE_AUTORELEASING = YES;
				CLANG_WARN_BOOL_CONVERSION = YES;
				CLANG_WARN_COMMA = YES;
				CLANG_WARN_CONSTANT_CONVERSION = YES;
				CLANG_WARN_DEPRECATED_OBJC_IMPLEMENTATIONS = YES;
				CLANG_WARN_DIRECT_OBJC_ISA_USAGE = YES_ERROR;
				CLANG_WARN_DOCUMENTATION_COMMENTS = YES;
				CLANG_WARN_EMPTY_BODY = YES;
				CLANG_WARN_ENUM_CONVERSION = YES;
				CLANG_WARN_INFINITE_RECURSION = YES;
				CLANG_WARN_INT_CONVERSION = YES;
				CLANG_WARN_NON_LITERAL_NULL_CONVERSION = YES;
				CLANG_WARN_OBJC_IMPLICIT_RETAIN_SELF = YES;
				CLANG_WARN_OBJC_LITERAL_CONVERSION = YES;
				CLANG_WARN_OBJC_ROOT_CLASS = YES_ERROR;
				CLANG_WARN_QUOTED_INCLUDE_IN_FRAMEWORK_HEADER = YES;
				CLANG_WARN_RANGE_LOOP_ANALYSIS = YES;
				CLANG_WARN_STRICT_PROTOTYPES = YES;
				CLANG_WARN_SUSPICIOUS_MOVE = YES;
				CLANG_WARN_UNGUARDED_AVAILABILITY = YES_AGGRESSIVE;
				CLANG_WARN_UNREACHABLE_CODE = YES;
				CLANG_WARN__DUPLICATE_METHOD_MATCH = YES;
				COPY_PHASE_STRIP = NO;
				DEBUG_INFORMATION_FORMAT = dwarf;
				ENABLE_STRICT_OBJC_MSGSEND = YES;
				ENABLE_TESTABILITY = YES;
				GCC_C_LANGUAGE_STANDARD = gnu11;
				GCC_DYNAMIC_NO_PIC = NO;
				GCC_NO_COMMON_BLOCKS = YES;
				GCC_OPTIMIZATION_LEVEL = 0;
				GCC_PREPROCESSOR_DEFINITIONS = (
					"$(inherited)",
					"DEBUG=1",
				);
				GCC_WARN_64_TO_32_BIT_CONVERSION = YES;
				GCC_WARN_ABOUT_RETURN_TYPE = YES_ERROR;
				GCC_WARN_UNDECLARED_SELECTOR = YES;
				GCC_WARN_UNINITIALIZED_AUTOS = YES_AGGRESSIVE;
				GCC_WARN_UNUSED_FUNCTION = YES;
				GCC_WARN_UNUSED_VARIABLE = YES;
				IPHONEOS_DEPLOYMENT_TARGET = 15.0;
				MTL_ENABLE_DEBUG_INFO = INCLUDE_SOURCE;
				MTL_FAST_MATH = YES;
				ONLY_ACTIVE_ARCH = YES;
				PRODUCT_NAME = "$(TARGET_NAME)";
				SDKROOT = iphoneos;
				SWIFT_ACTIVE_COMPILATION_CONDITIONS = DEBUG;
				SWIFT_OPTIMIZATION_LEVEL = "-Onone";
				SWIFT_VERSION = 5.0;
				TARGETED_DEVICE_FAMILY = 1;
			};
			name = Debug;
		};
/* End XCBuildConfiguration section */

/* Begin XCConfigurationList section */
		392BAF14D5EE1E049C4D8A93 /* Build configuration list for PBXNativeTarget "VoiceIMTests" */ = {
			isa = XCConfigurationList;
			buildConfigurations = (
				1D87C71167D1ACEAA96845DD /* Debug */,
				6FFE21C4173BACCAA0713F96 /* Release */,
			);
			defaultConfigurationIsVisible = 0;
			defaultConfigurationName = Debug;
		};
		85AE5470C480688E90D81E70 /* Build configuration list for PBXProject "VoiceIM" */ = {
			isa = XCConfigurationList;
			buildConfigurations = (
				FBC32FD55A3433C42D890D5E /* Debug */,
				6F2ECEE25DADF8AE368BCF88 /* Release */,
			);
			defaultConfigurationIsVisible = 0;
			defaultConfigurationName = Debug;
		};
		F50E0D53BE50132C1FD278A8 /* Build configuration list for PBXNativeTarget "VoiceIM" */ = {
			isa = XCConfigurationList;
			buildConfigurations = (
				F13315EADDB8B25B9BF170FC /* Debug */,
				FB6F2A72A2FC4F966BC2C0BA /* Release */,
			);
			defaultConfigurationIsVisible = 0;
			defaultConfigurationName = Debug;
		};
/* End XCConfigurationList section */
	};
	rootObject = B8ED2D2E4894F9EC5E7B3200 /* Project object */;
}
